
Microsoft Visual Studio Solution File, Format Version 12.00
# Visual Studio Version 17
VisualStudioVersion = 17.4.33213.308
MinimumVisualStudioVersion = 10.0.40219.1
Project("{FAE04EC0-301F-11D3-BF4B-00C04F79EFBC}") = "Ejercicio_1", "Ejercicio_1\Ejercicio_1.csproj", "{C5A3A891-B1AC-4E95-A1A2-0FC9647723C5}"
EndProject
Project("{FAE04EC0-301F-11D3-BF4B-00C04F79EFBC}") = "POO", "POO\POO.csproj", "{239AF568-08A1-4E84-B13A-BDB81ACD4FD5}"
EndProject
Global
	GlobalSection(SolutionConfigurationPlatforms) = preSolution
		Debug|Any CPU = Debug|Any CPU
		Release|Any CPU = Release|Any CPU
	EndGlobalSection
	GlobalSection(ProjectConfigurationPlatforms) = postSolution
		{C5A3A891-B1AC-4E95-A1A2-0FC9647723C5}.Debug|Any CPU.ActiveCfg = Debug|Any CPU
		{C5A3A891-B1AC-4E95-A1A2-0FC9647723C5}.Debug|Any CPU.Build.0 = Debug|Any CPU
		{C5A3A891-B1AC-4E95-A1A2-0FC9647723C5}.Release|Any CPU.ActiveCfg = Release|Any CPU
		{C5A3A891-B1AC-4E95-A1A2-0FC9647723C5}.Release|Any CPU.Build.0 = Release|Any CPU
		{239AF568-08A1-4E84-B13A-BDB81ACD4FD5}.Debug|Any CPU.ActiveCfg = Debug|Any CPU
		{239AF568-08A1-4E84-B13A-BDB81ACD4FD5}.Debug|Any CPU.Build.0 = Debug|Any CPU
		{239AF568-08A1-4E84-B13A-BDB81ACD4FD5}.Release|Any CPU.ActiveCfg = Release|Any CPU
		{239AF568-08A1-4E84-B13A-BDB81ACD4FD5}.Release|Any CPU.Build.0 = Release|Any CPU
	EndGlobalSection
	GlobalSection(SolutionProperties) = preSolution
		HideSolutionNode = FALSE
	EndGlobalSection
	GlobalSection(ExtensibilityGlobals) = postSolution
		SolutionGuid = {9D88BA99-F993-4AB8-8848-882F6977428D}
	EndGlobalSection
EndGlobal
